Microsoft Visual Studio Solution File, Format Version 12.00
# Visual Studio Version 17
VisualStudioVersion = 17.5.2.0
MinimumVisualStudioVersion = 10.0.40219.1
Project("{FAE04EC0-301F-11D3-BF4B-00C04F79EFBC}") = "testemesa2", "testemesa2.csproj", "{1F5E3A8A-36F3-89ED-975E-21C93C567C19}"
EndProject
Global
	GlobalSection(SolutionConfigurationPlatforms) = preSolution
		Debug|Any CPU = Debug|Any CPU
		Release|Any CPU = Release|Any CPU
	EndGlobalSection
	GlobalSection(ProjectConfigurationPlatforms) = postSolution
		{1F5E3A8A-36F3-89ED-975E-21C93C567C19}.Debug|Any CPU.ActiveCfg = Debug|Any CPU
		{1F5E3A8A-36F3-89ED-975E-21C93C567C19}.Debug|Any CPU.Build.0 = Debug|Any CPU
		{1F5E3A8A-36F3-89ED-975E-21C93C567C19}.Release|Any CPU.ActiveCfg = Release|Any CPU
		{1F5E3A8A-36F3-89ED-975E-21C93C567C19}.Release|Any CPU.Build.0 = Release|Any CPU
	EndGlobalSection
	GlobalSection(SolutionProperties) = preSolution
		HideSolutionNode = FALSE
	EndGlobalSection
	GlobalSection(ExtensibilityGlobals) = postSolution
		SolutionGuid = {E2269FE3-CC42-4A30-9657-9C73250676BA}
	EndGlobalSection
EndGlobal
